github.com/pietrolc/golang/greetings v1.3.0 h1:XsiJlebQ/Ddx9nv36auLDNrmXfWzxQs8qB32XUtkCsU=
github.com/pietrolc/golang/greetings v1.3.0/go.mod h1:epf+8QAWf7HN5IFKnP582C+ho1NFyY2fq0CDyqEUrDE=
github.com/pietrolc/golang/greetings v1.4.0 h1:KoMKpneeZitmIEWmb31I9Lvifa2htOHigWN8GM0nEHw=
github.com/pietrolc/golang/greetings v1.4.0/go.mod h1:epf+8QAWf7HN5IFKnP582C+ho1NFyY2fq0CDyqEUrDE=
